
Microsoft Visual Studio Solution File, Format Version 12.00
# Visual Studio 15
VisualStudioVersion = 15.0.28307.852
MinimumVisualStudioVersion = 10.0.40219.1
Project("{DA7A21FA-8162-4350-AD77-A8D1B671F3ED}") = "Statistics", "Statistics\Statistics.rxproj", "{4F047BD6-3A15-4253-87FD-F97D8406BA0D}"
EndProject
Global
	GlobalSection(SolutionConfigurationPlatforms) = preSolution
		Debug|Any CPU = Debug|Any CPU
		Release|Any CPU = Release|Any CPU
	EndGlobalSection
	GlobalSection(ProjectConfigurationPlatforms) = postSolution
		{4F047BD6-3A15-4253-87FD-F97D8406BA0D}.Debug|Any CPU.ActiveCfg = Debug|Any CPU
		{4F047BD6-3A15-4253-87FD-F97D8406BA0D}.Debug|Any CPU.Build.0 = Debug|Any CPU
		{4F047BD6-3A15-4253-87FD-F97D8406BA0D}.Release|Any CPU.ActiveCfg = Release|Any CPU
		{4F047BD6-3A15-4253-87FD-F97D8406BA0D}.Release|Any CPU.Build.0 = Release|Any CPU
	EndGlobalSection
	GlobalSection(SolutionProperties) = preSolution
		HideSolutionNode = FALSE
	EndGlobalSection
	GlobalSection(ExtensibilityGlobals) = postSolution
		SolutionGuid = {C8FC9864-9FEB-4A39-91C6-5978AF16EA13}
	EndGlobalSection
EndGlobal
